
Microsoft Visual Studio Solution File, Format Version 12.00
# Visual Studio Version 17
VisualStudioVersion = 17.7.34031.279
MinimumVisualStudioVersion = 10.0.40219.1
Project("{FAE04EC0-301F-11D3-BF4B-00C04F79EFBC}") = "TP2Console", "TP2Console\TP2Console.csproj", "{588A591E-815A-4FFB-B896-5DEE0D9E035F}"
EndProject
Global
	GlobalSection(SolutionConfigurationPlatforms) = preSolution
		Debug|Any CPU = Debug|Any CPU
		Release|Any CPU = Release|Any CPU
	EndGlobalSection
	GlobalSection(ProjectConfigurationPlatforms) = postSolution
		{588A591E-815A-4FFB-B896-5DEE0D9E035F}.Debug|Any CPU.ActiveCfg = Debug|Any CPU
		{588A591E-815A-4FFB-B896-5DEE0D9E035F}.Debug|Any CPU.Build.0 = Debug|Any CPU
		{588A591E-815A-4FFB-B896-5DEE0D9E035F}.Release|Any CPU.ActiveCfg = Release|Any CPU
		{588A591E-815A-4FFB-B896-5DEE0D9E035F}.Release|Any CPU.Build.0 = Release|Any CPU
	EndGlobalSection
	GlobalSection(SolutionProperties) = preSolution
		HideSolutionNode = FALSE
	EndGlobalSection
	GlobalSection(ExtensibilityGlobals) = postSolution
		SolutionGuid = {B40B4804-D450-40F3-8E00-8EAE6192869C}
	EndGlobalSection
EndGlobal
